
Microsoft Visual Studio Solution File, Format Version 12.00
# Visual Studio Version 17
VisualStudioVersion = 17.12.35527.113 d17.12
MinimumVisualStudioVersion = 10.0.40219.1
Project("{FAE04EC0-301F-11D3-BF4B-00C04F79EFBC}") = "TJConnector.Api", "TJConnector.Api\TJConnector.Api.csproj", "{78F85155-1818-42F7-91EE-8A1AAC641508}"
EndProject
Project("{FAE04EC0-301F-11D3-BF4B-00C04F79EFBC}") = "TJConnector.Postgres", "TJConnector.Postgres\TJConnector.Postgres.csproj", "{588DA7C7-E4A5-48D6-981F-04FA7DADF889}"
EndProject
Project("{FAE04EC0-301F-11D3-BF4B-00C04F79EFBC}") = "TJConnector.StateSystem", "TJConnector.StateSystem\TJConnector.StateSystem.csproj", "{99D9E644-C6AA-4DDA-8546-339CC14DCA78}"
EndProject
Global
	GlobalSection(SolutionConfigurationPlatforms) = preSolution
		Debug|Any CPU = Debug|Any CPU
		Release|Any CPU = Release|Any CPU
	EndGlobalSection
	GlobalSection(ProjectConfigurationPlatforms) = postSolution
		{78F85155-1818-42F7-91EE-8A1AAC641508}.Debug|Any CPU.ActiveCfg = Debug|Any CPU
		{78F85155-1818-42F7-91EE-8A1AAC641508}.Debug|Any CPU.Build.0 = Debug|Any CPU
		{78F85155-1818-42F7-91EE-8A1AAC641508}.Release|Any CPU.ActiveCfg = Release|Any CPU
		{78F85155-1818-42F7-91EE-8A1AAC641508}.Release|Any CPU.Build.0 = Release|Any CPU
		{588DA7C7-E4A5-48D6-981F-04FA7DADF889}.Debug|Any CPU.ActiveCfg = Debug|Any CPU
		{588DA7C7-E4A5-48D6-981F-04FA7DADF889}.Debug|Any CPU.Build.0 = Debug|Any CPU
		{588DA7C7-E4A5-48D6-981F-04FA7DADF889}.Release|Any CPU.ActiveCfg = Release|Any CPU
		{588DA7C7-E4A5-48D6-981F-04FA7DADF889}.Release|Any CPU.Build.0 = Release|Any CPU
		{99D9E644-C6AA-4DDA-8546-339CC14DCA78}.Debug|Any CPU.ActiveCfg = Debug|Any CPU
		{99D9E644-C6AA-4DDA-8546-339CC14DCA78}.Debug|Any CPU.Build.0 = Debug|Any CPU
		{99D9E644-C6AA-4DDA-8546-339CC14DCA78}.Release|Any CPU.ActiveCfg = Release|Any CPU
		{99D9E644-C6AA-4DDA-8546-339CC14DCA78}.Release|Any CPU.Build.0 = Release|Any CPU
	EndGlobalSection
	GlobalSection(SolutionProperties) = preSolution
		HideSolutionNode = FALSE
	EndGlobalSection
EndGlobal
